// !$*UTF8*$!
{
	archiveVersion = 1;
	classes = {
	};
	objectVersion = 48;
	objects = {

/* Begin PBXBuildFile section */
		D0066EA01EFF4B4C001225DD /* GPXData.swift in Sources */ = {isa = PBXBuildFile; fileRef = D0066E9F1EFF4B4C001225DD /* GPXData.swift */; };
		D011DECB1EFC052100A80A77 /* LoggyTools.h in Headers */ = {isa = PBXBuildFile; fileRef = D011DEC91EFC052100A80A77 /* LoggyTools.h */; settings = {ATTRIBUTES = (Public, ); }; };
		D011DECE1EFC052100A80A77 /* LoggyTools.framework in Frameworks */ = {isa = PBXBuildFile; fileRef = D011DEC71EFC052100A80A77 /* LoggyTools.framework */; };
		D011DECF1EFC052100A80A77 /* LoggyTools.framework in Embed Frameworks */ = {isa = PBXBuildFile; fileRef = D011DEC71EFC052100A80A77 /* LoggyTools.framework */; settings = {ATTRIBUTES = (CodeSignOnCopy, RemoveHeadersOnCopy, ); }; };
		D011DED41EFC09CC00A80A77 /* GPSTracker.swift in Sources */ = {isa = PBXBuildFile; fileRef = D051220C1EF8A31800E7D825 /* GPSTracker.swift */; };
		D05121FB1EF867DB00E7D825 /* LoggyAppDelegate.swift in Sources */ = {isa = PBXBuildFile; fileRef = D05121FA1EF867DB00E7D825 /* LoggyAppDelegate.swift */; };
		D05121FD1EF867DB00E7D825 /* DashboardViewController.swift in Sources */ = {isa = PBXBuildFile; fileRef = D05121FC1EF867DB00E7D825 /* DashboardViewController.swift */; };
		D05122001EF867DB00E7D825 /* LoggyMain.storyboard in Resources */ = {isa = PBXBuildFile; fileRef = D05121FE1EF867DB00E7D825 /* LoggyMain.storyboard */; };
		D05122021EF867DB00E7D825 /* Loggy_iOS_Assets.xcassets in Resources */ = {isa = PBXBuildFile; fileRef = D05122011EF867DB00E7D825 /* Loggy_iOS_Assets.xcassets */; };
		D05122051EF867DB00E7D825 /* LaunchScreen.storyboard in Resources */ = {isa = PBXBuildFile; fileRef = D05122031EF867DB00E7D825 /* LaunchScreen.storyboard */; };
		D083A9BD1EFD5CB100B8EA0D /* NotificationCenter.framework in Frameworks */ = {isa = PBXBuildFile; fileRef = D0FE7A1F1EFC617800F44AAE /* NotificationCenter.framework */; };
		D083A9C31EFD5CB100B8EA0D /* LoggyTodayInterface.storyboard in Resources */ = {isa = PBXBuildFile; fileRef = D083A9C11EFD5CB100B8EA0D /* LoggyTodayInterface.storyboard */; };
		D083A9C71EFD5CB100B8EA0D /* LoggyTodayExtension.appex in Embed App Extensions */ = {isa = PBXBuildFile; fileRef = D083A9BC1EFD5CB100B8EA0D /* LoggyTodayExtension.appex */; settings = {ATTRIBUTES = (RemoveHeadersOnCopy, ); }; };
		D09B2DA41EFA329F005A29D8 /* iTunesArtwork in Resources */ = {isa = PBXBuildFile; fileRef = D09B2DA21EFA329F005A29D8 /* iTunesArtwork */; };
		D09B2DA51EFA329F005A29D8 /* iTunesArtwork@2x in Resources */ = {isa = PBXBuildFile; fileRef = D09B2DA31EFA329F005A29D8 /* iTunesArtwork@2x */; };
		D0C488D91EFE95DD00319808 /* MapKit.framework in Frameworks */ = {isa = PBXBuildFile; fileRef = D0C488D81EFE95DD00319808 /* MapKit.framework */; };
		D0C488DA1EFE962700319808 /* LoggyTodayViewController.swift in Sources */ = {isa = PBXBuildFile; fileRef = D083A9BF1EFD5CB100B8EA0D /* LoggyTodayViewController.swift */; };
		D0C9B16F1F05F7EF000BC92D /* LabelTapHandler.swift in Sources */ = {isa = PBXBuildFile; fileRef = D0C9B16E1F05F7EF000BC92D /* LabelTapHandler.swift */; };
		D0C9B1721F05FB9B000BC92D /* TrackData.swift in Sources */ = {isa = PBXBuildFile; fileRef = D0C9B1711F05FB9B000BC92D /* TrackData.swift */; };
		D0C9B1741F06005D000BC92D /* FileLogger.swift in Sources */ = {isa = PBXBuildFile; fileRef = D0C9B1731F06005C000BC92D /* FileLogger.swift */; };
		D0C9B1761F06077C000BC92D /* Settings.swift in Sources */ = {isa = PBXBuildFile; fileRef = D0C9B1751F06077C000BC92D /* Settings.swift */; };
		D0C9B1781F0607C7000BC92D /* CameraPhotosObserver.swift in Sources */ = {isa = PBXBuildFile; fileRef = D0C9B1771F0607C7000BC92D /* CameraPhotosObserver.swift */; };
		D0C9B17A1F060838000BC92D /* UnitHandling.swift in Sources */ = {isa = PBXBuildFile; fileRef = D0C9B1791F060837000BC92D /* UnitHandling.swift */; };
/* End PBXBuildFile section */

/* Begin PBXContainerItemProxy section */
		D011DECC1EFC052100A80A77 /* PBXContainerItemProxy */ = {
			isa = PBXContainerItemProxy;
			containerPortal = D05121EF1EF867DA00E7D825 /* Project object */;
			proxyType = 1;
			remoteGlobalIDString = D011DEC61EFC052100A80A77;
			remoteInfo = LoggyTools;
		};
		D083A9C51EFD5CB100B8EA0D /* PBXContainerItemProxy */ = {
			isa = PBXContainerItemProxy;
			containerPortal = D05121EF1EF867DA00E7D825 /* Project object */;
			proxyType = 1;
			remoteGlobalIDString = D083A9BB1EFD5CB100B8EA0D;
			remoteInfo = LoggyTodayExtension;
		};
/* End PBXContainerItemProxy section */

/* Begin PBXCopyFilesBuildPhase section */
		D011DED31EFC052100A80A77 /* Embed Frameworks */ = {
			isa = PBXCopyFilesBuildPhase;
			buildActionMask = 2147483647;
			dstPath = "";
			dstSubfolderSpec = 10;
			files = (
				D011DECF1EFC052100A80A77 /* LoggyTools.framework in Embed Frameworks */,
			);
			name = "Embed Frameworks";
			runOnlyForDeploymentPostprocessing = 0;
		};
		D0FE7A2E1EFC617800F44AAE /* Embed App Extensions */ = {
			isa = PBXCopyFilesBuildPhase;
			buildActionMask = 2147483647;
			dstPath = "";
			dstSubfolderSpec = 13;
			files = (
				D083A9C71EFD5CB100B8EA0D /* LoggyTodayExtension.appex in Embed App Extensions */,
			);
			name = "Embed App Extensions";
			runOnlyForDeploymentPostprocessing = 0;
		};
/* End PBXCopyFilesBuildPhase section */

/* Begin PBXFileReference section */
		D0066E9F1EFF4B4C001225DD /* GPXData.swift */ = {isa = PBXFileReference; fileEncoding = 4; lastKnownFileType = sourcecode.swift; path = GPXData.swift; sourceTree = "<group>"; };
		D011DEC71EFC052100A80A77 /* LoggyTools.framework */ = {isa = PBXFileReference; explicitFileType = wrapper.framework; includeInIndex = 0; path = LoggyTools.framework; sourceTree = BUILT_PRODUCTS_DIR; };
		D011DEC91EFC052100A80A77 /* LoggyTools.h */ = {isa = PBXFileReference; lastKnownFileType = sourcecode.c.h; path = LoggyTools.h; sourceTree = "<group>"; };
		D011DECA1EFC052100A80A77 /* LoggyTools_Info.plist */ = {isa = PBXFileReference; lastKnownFileType = text.plist.xml; path = LoggyTools_Info.plist; sourceTree = "<group>"; };
		D05121F71EF867DB00E7D825 /* Loggy.app */ = {isa = PBXFileReference; explicitFileType = wrapper.application; includeInIndex = 0; path = Loggy.app; sourceTree = BUILT_PRODUCTS_DIR; };
		D05121FA1EF867DB00E7D825 /* LoggyAppDelegate.swift */ = {isa = PBXFileReference; lastKnownFileType = sourcecode.swift; path = LoggyAppDelegate.swift; sourceTree = "<group>"; };
		D05121FC1EF867DB00E7D825 /* DashboardViewController.swift */ = {isa = PBXFileReference; lastKnownFileType = sourcecode.swift; path = DashboardViewController.swift; sourceTree = "<group>"; };
		D05121FF1EF867DB00E7D825 /* Base */ = {isa = PBXFileReference; lastKnownFileType = file.storyboard; name = Base; path = Base.lproj/LoggyMain.storyboard; sourceTree = "<group>"; };
		D05122011EF867DB00E7D825 /* Loggy_iOS_Assets.xcassets */ = {isa = PBXFileReference; lastKnownFileType = folder.assetcatalog; path = Loggy_iOS_Assets.xcassets; sourceTree = "<group>"; };
		D05122041EF867DB00E7D825 /* Base */ = {isa = PBXFileReference; lastKnownFileType = file.storyboard; name = Base; path = Base.lproj/LaunchScreen.storyboard; sourceTree = "<group>"; };
		D05122061EF867DB00E7D825 /* Loggy_iOS_Info.plist */ = {isa = PBXFileReference; lastKnownFileType = text.plist.xml; path = Loggy_iOS_Info.plist; sourceTree = "<group>"; };
		D051220C1EF8A31800E7D825 /* GPSTracker.swift */ = {isa = PBXFileReference; lastKnownFileType = sourcecode.swift; path = GPSTracker.swift; sourceTree = "<group>"; };
		D083A9BC1EFD5CB100B8EA0D /* LoggyTodayExtension.appex */ = {isa = PBXFileReference; explicitFileType = "wrapper.app-extension"; includeInIndex = 0; path = LoggyTodayExtension.appex; sourceTree = BUILT_PRODUCTS_DIR; };
		D083A9BF1EFD5CB100B8EA0D /* LoggyTodayViewController.swift */ = {isa = PBXFileReference; lastKnownFileType = sourcecode.swift; path = LoggyTodayViewController.swift; sourceTree = "<group>"; };
		D083A9C21EFD5CB100B8EA0D /* Base */ = {isa = PBXFileReference; lastKnownFileType = file.storyboard; name = Base; path = Base.lproj/LoggyTodayInterface.storyboard; sourceTree = "<group>"; };
		D083A9C41EFD5CB100B8EA0D /* LoggyToday_Info.plist */ = {isa = PBXFileReference; lastKnownFileType = text.plist.xml; path = LoggyToday_Info.plist; sourceTree = "<group>"; };
		D09B2DA21EFA329F005A29D8 /* iTunesArtwork */ = {isa = PBXFileReference; lastKnownFileType = file; name = iTunesArtwork; path = ../assets/icon/iTunesArtwork; sourceTree = "<group>"; };
		D09B2DA31EFA329F005A29D8 /* iTunesArtwork@2x */ = {isa = PBXFileReference; lastKnownFileType = file; name = "iTunesArtwork@2x"; path = "../assets/icon/iTunesArtwork@2x"; sourceTree = "<group>"; };
		D0C488D71EFE95A400319808 /* LoggyTodayExtension.entitlements */ = {isa = PBXFileReference; lastKnownFileType = text.plist.entitlements; path = LoggyTodayExtension.entitlements; sourceTree = "<group>"; };
		D0C488D81EFE95DD00319808 /* MapKit.framework */ = {isa = PBXFileReference; lastKnownFileType = wrapper.framework; name = MapKit.framework; path = System/Library/Frameworks/MapKit.framework; sourceTree = SDKROOT; };
		D0C9B16E1F05F7EF000BC92D /* LabelTapHandler.swift */ = {isa = PBXFileReference; lastKnownFileType = sourcecode.swift; path = LabelTapHandler.swift; sourceTree = "<group>"; };
		D0C9B1711F05FB9B000BC92D /* TrackData.swift */ = {isa = PBXFileReference; lastKnownFileType = sourcecode.swift; path = TrackData.swift; sourceTree = "<group>"; };
		D0C9B1731F06005C000BC92D /* FileLogger.swift */ = {isa = PBXFileReference; lastKnownFileType = sourcecode.swift; path = FileLogger.swift; sourceTree = "<group>"; };
		D0C9B1751F06077C000BC92D /* Settings.swift */ = {isa = PBXFileReference; lastKnownFileType = sourcecode.swift; path = Settings.swift; sourceTree = "<group>"; };
		D0C9B1771F0607C7000BC92D /* CameraPhotosObserver.swift */ = {isa = PBXFileReference; lastKnownFileType = sourcecode.swift; path = CameraPhotosObserver.swift; sourceTree = "<group>"; };
		D0C9B1791F060837000BC92D /* UnitHandling.swift */ = {isa = PBXFileReference; lastKnownFileType = sourcecode.swift; path = UnitHandling.swift; sourceTree = "<group>"; };
		D0FE7A1F1EFC617800F44AAE /* NotificationCenter.framework */ = {isa = PBXFileReference; lastKnownFileType = wrapper.framework; name = NotificationCenter.framework; path = System/Library/Frameworks/NotificationCenter.framework; sourceTree = SDKROOT; };
		D0FE7A301EFC66AD00F44AAE /* Loggy.entitlements */ = {isa = PBXFileReference; lastKnownFileType = text.plist.entitlements; path = Loggy.entitlements; sourceTree = "<group>"; };
/* End PBXFileReference section */

/* Begin PBXFrameworksBuildPhase section */
		D011DEC31EFC052100A80A77 /* Frameworks */ = {
			isa = PBXFrameworksBuildPhase;
			buildActionMask = 2147483647;
			files = (
			);
			runOnlyForDeploymentPostprocessing = 0;
		};
		D05121F41EF867DA00E7D825 /* Frameworks */ = {
			isa = PBXFrameworksBuildPhase;
			buildActionMask = 2147483647;
			files = (
				D0C488D91EFE95DD00319808 /* MapKit.framework in Frameworks */,
				D011DECE1EFC052100A80A77 /* LoggyTools.framework in Frameworks */,
			);
			runOnlyForDeploymentPostprocessing = 0;
		};
		D083A9B91EFD5CB100B8EA0D /* Frameworks */ = {
			isa = PBXFrameworksBuildPhase;
			buildActionMask = 2147483647;
			files = (
				D083A9BD1EFD5CB100B8EA0D /* NotificationCenter.framework in Frameworks */,
			);
			runOnlyForDeploymentPostprocessing = 0;
		};
/* End PBXFrameworksBuildPhase section */

/* Begin PBXGroup section */
		D011DEC81EFC052100A80A77 /* LoggyTools */ = {
			isa = PBXGroup;
			children = (
				D0C9B1701F05FB54000BC92D /* generic */,
				D0C9B1731F06005C000BC92D /* FileLogger.swift */,
				D0C9B1711F05FB9B000BC92D /* TrackData.swift */,
				D051220C1EF8A31800E7D825 /* GPSTracker.swift */,
				D0066E9F1EFF4B4C001225DD /* GPXData.swift */,
				D011DEC91EFC052100A80A77 /* LoggyTools.h */,
				D011DECA1EFC052100A80A77 /* LoggyTools_Info.plist */,
				D0C9B1771F0607C7000BC92D /* CameraPhotosObserver.swift */,
			);
			path = LoggyTools;
			sourceTree = "<group>";
		};
		D05121EE1EF867DA00E7D825 = {
			isa = PBXGroup;
			children = (
				D05121F91EF867DB00E7D825 /* Loggy */,
				D011DEC81EFC052100A80A77 /* LoggyTools */,
				D083A9BE1EFD5CB100B8EA0D /* LoggyTodayExtension */,
				D0FE7A1E1EFC617800F44AAE /* Frameworks */,
				D05121F81EF867DB00E7D825 /* Products */,
			);
			sourceTree = "<group>";
		};
		D05121F81EF867DB00E7D825 /* Products */ = {
			isa = PBXGroup;
			children = (
				D05121F71EF867DB00E7D825 /* Loggy.app */,
				D011DEC71EFC052100A80A77 /* LoggyTools.framework */,
				D083A9BC1EFD5CB100B8EA0D /* LoggyTodayExtension.appex */,
			);
			name = Products;
			sourceTree = "<group>";
		};
		D05121F91EF867DB00E7D825 /* Loggy */ = {
			isa = PBXGroup;
			children = (
				D09B2DA01EFA3287005A29D8 /* assets */,
				D05121FA1EF867DB00E7D825 /* LoggyAppDelegate.swift */,
				D05121FC1EF867DB00E7D825 /* DashboardViewController.swift */,
				D05122011EF867DB00E7D825 /* Loggy_iOS_Assets.xcassets */,
				D05121FE1EF867DB00E7D825 /* LoggyMain.storyboard */,
				D05122031EF867DB00E7D825 /* LaunchScreen.storyboard */,
				D0FE7A301EFC66AD00F44AAE /* Loggy.entitlements */,
				D05122061EF867DB00E7D825 /* Loggy_iOS_Info.plist */,
				D0C9B1751F06077C000BC92D /* Settings.swift */,
				D0C9B1791F060837000BC92D /* UnitHandling.swift */,
			);
			path = Loggy;
			sourceTree = "<group>";
		};
		D083A9BE1EFD5CB100B8EA0D /* LoggyTodayExtension */ = {
			isa = PBXGroup;
			children = (
				D0C488D71EFE95A400319808 /* LoggyTodayExtension.entitlements */,
				D083A9BF1EFD5CB100B8EA0D /* LoggyTodayViewController.swift */,
				D083A9C11EFD5CB100B8EA0D /* LoggyTodayInterface.storyboard */,
				D083A9C41EFD5CB100B8EA0D /* LoggyToday_Info.plist */,
			);
			path = LoggyTodayExtension;
			sourceTree = "<group>";
		};
		D09B2DA01EFA3287005A29D8 /* assets */ = {
			isa = PBXGroup;
			children = (
				D09B2DA11EFA328C005A29D8 /* icon */,
			);
			name = assets;
			sourceTree = "<group>";
		};
		D09B2DA11EFA328C005A29D8 /* icon */ = {
			isa = PBXGroup;
			children = (
				D09B2DA21EFA329F005A29D8 /* iTunesArtwork */,
				D09B2DA31EFA329F005A29D8 /* iTunesArtwork@2x */,
			);
			name = icon;
			sourceTree = "<group>";
		};
		D0C9B1701F05FB54000BC92D /* generic */ = {
			isa = PBXGroup;
			children = (
				D0C9B16E1F05F7EF000BC92D /* LabelTapHandler.swift */,
			);
			name = generic;
			sourceTree = "<group>";
		};
		D0FE7A1E1EFC617800F44AAE /* Frameworks */ = {
			isa = PBXGroup;
			children = (
				D0C488D81EFE95DD00319808 /* MapKit.framework */,
				D0FE7A1F1EFC617800F44AAE /* NotificationCenter.framework */,
			);
			name = Frameworks;
			sourceTree = "<group>";
		};
/* End PBXGroup section */

/* Begin PBXHeadersBuildPhase section */
		D011DEC41EFC052100A80A77 /* Headers */ = {
			isa = PBXHeadersBuildPhase;
			buildActionMask = 2147483647;
			files = (
				D011DECB1EFC052100A80A77 /* LoggyTools.h in Headers */,
			);
			runOnlyForDeploymentPostprocessing = 0;
		};
/* End PBXHeadersBuildPhase section */

/* Begin PBXNativeTarget section */
		D011DEC61EFC052100A80A77 /* LoggyTools */ = {
			isa = PBXNativeTarget;
			buildConfigurationList = D011DED01EFC052100A80A77 /* Build configuration list for PBXNativeTarget "LoggyTools" */;
			buildPhases = (
				D011DEC21EFC052100A80A77 /* Sources */,
				D011DEC31EFC052100A80A77 /* Frameworks */,
				D011DEC41EFC052100A80A77 /* Headers */,
				D011DEC51EFC052100A80A77 /* Resources */,
			);
			buildRules = (
			);
			dependencies = (
			);
			name = LoggyTools;
			productName = LoggyTools;
			productReference = D011DEC71EFC052100A80A77 /* LoggyTools.framework */;
			productType = "com.apple.product-type.framework";
		};
		D05121F61EF867DA00E7D825 /* Loggy */ = {
			isa = PBXNativeTarget;
			buildConfigurationList = D05122091EF867DB00E7D825 /* Build configuration list for PBXNativeTarget "Loggy" */;
			buildPhases = (
				D05121F31EF867DA00E7D825 /* Sources */,
				D05121F41EF867DA00E7D825 /* Frameworks */,
				D05121F51EF867DA00E7D825 /* Resources */,
				D011DED31EFC052100A80A77 /* Embed Frameworks */,
				D0FE7A2E1EFC617800F44AAE /* Embed App Extensions */,
			);
			buildRules = (
			);
			dependencies = (
				D011DECD1EFC052100A80A77 /* PBXTargetDependency */,
				D083A9C61EFD5CB100B8EA0D /* PBXTargetDependency */,
			);
			name = Loggy;
			productName = Loggy;
			productReference = D05121F71EF867DB00E7D825 /* Loggy.app */;
			productType = "com.apple.product-type.application";
		};
		D083A9BB1EFD5CB100B8EA0D /* LoggyTodayExtension */ = {
			isa = PBXNativeTarget;
			buildConfigurationList = D083A9C81EFD5CB100B8EA0D /* Build configuration list for PBXNativeTarget "LoggyTodayExtension" */;
			buildPhases = (
				D083A9B81EFD5CB100B8EA0D /* Sources */,
				D083A9B91EFD5CB100B8EA0D /* Frameworks */,
				D083A9BA1EFD5CB100B8EA0D /* Resources */,
			);
			buildRules = (
			);
			dependencies = (
			);
			name = LoggyTodayExtension;
			productName = LoggyTodayExtension;
			productReference = D083A9BC1EFD5CB100B8EA0D /* LoggyTodayExtension.appex */;
			productType = "com.apple.product-type.app-extension";
		};
/* End PBXNativeTarget section */

/* Begin PBXProject section */
		D05121EF1EF867DA00E7D825 /* Project object */ = {
			isa = PBXProject;
			attributes = {
				LastSwiftUpdateCheck = 0830;
				LastUpgradeCheck = 0900;
				ORGANIZATIONNAME = "Peter Strand";
				TargetAttributes = {
					D011DEC61EFC052100A80A77 = {
						CreatedOnToolsVersion = 9.0;
						ProvisioningStyle = Automatic;
					};
					D05121F61EF867DA00E7D825 = {
						CreatedOnToolsVersion = 9.0;
						SystemCapabilities = {
							com.apple.ApplicationGroups.iOS = {
								enabled = 1;
							};
							com.apple.Maps.iOS = {
								enabled = 1;
							};
							com.apple.iCloud = {
								enabled = 1;
							};
						};
					};
					D083A9BB1EFD5CB100B8EA0D = {
						CreatedOnToolsVersion = 8.3.3;
						ProvisioningStyle = Automatic;
						SystemCapabilities = {
							com.apple.ApplicationGroups.iOS = {
								enabled = 1;
							};
							com.apple.iCloud = {
								enabled = 0;
							};
						};
					};
				};
			};
			buildConfigurationList = D05121F21EF867DA00E7D825 /* Build configuration list for PBXProject "Loggy" */;
			compatibilityVersion = "Xcode 8.0";
			developmentRegion = en;
			hasScannedForEncodings = 0;
			knownRegions = (
				en,
				Base,
			);
			mainGroup = D05121EE1EF867DA00E7D825;
			productRefGroup = D05121F81EF867DB00E7D825 /* Products */;
			projectDirPath = "";
			projectRoot = "";
			targets = (
				D05121F61EF867DA00E7D825 /* Loggy */,
				D011DEC61EFC052100A80A77 /* LoggyTools */,
				D083A9BB1EFD5CB100B8EA0D /* LoggyTodayExtension */,
			);
		};
/* End PBXProject section */

/* Begin PBXResourcesBuildPhase section */
		D011DEC51EFC052100A80A77 /* Resources */ = {
			isa = PBXResourcesBuildPhase;
			buildActionMask = 2147483647;
			files = (
			);
			runOnlyForDeploymentPostprocessing = 0;
		};
		D05121F51EF867DA00E7D825 /* Resources */ = {
			isa = PBXResourcesBuildPhase;
			buildActionMask = 2147483647;
			files = (
				D09B2DA51EFA329F005A29D8 /* iTunesArtwork@2x in Resources */,
				D05122051EF867DB00E7D825 /* LaunchScreen.storyboard in Resources */,
				D05122021EF867DB00E7D825 /* Loggy_iOS_Assets.xcassets in Resources */,
				D05122001EF867DB00E7D825 /* LoggyMain.storyboard in Resources */,
				D09B2DA41EFA329F005A29D8 /* iTunesArtwork in Resources */,
			);
			runOnlyForDeploymentPostprocessing = 0;
		};
		D083A9BA1EFD5CB100B8EA0D /* Resources */ = {
			isa = PBXResourcesBuildPhase;
			buildActionMask = 2147483647;
			files = (
				D083A9C31EFD5CB100B8EA0D /* LoggyTodayInterface.storyboard in Resources */,
			);
			runOnlyForDeploymentPostprocessing = 0;
		};
/* End PBXResourcesBuildPhase section */

/* Begin PBXSourcesBuildPhase section */
		D011DEC21EFC052100A80A77 /* Sources */ = {
			isa = PBXSourcesBuildPhase;
			buildActionMask = 2147483647;
			files = (
				D011DED41EFC09CC00A80A77 /* GPSTracker.swift in Sources */,
				D0C9B1721F05FB9B000BC92D /* TrackData.swift in Sources */,
				D0066EA01EFF4B4C001225DD /* GPXData.swift in Sources */,
				D0C9B1781F0607C7000BC92D /* CameraPhotosObserver.swift in Sources */,
				D0C9B1741F06005D000BC92D /* FileLogger.swift in Sources */,
				D0C9B16F1F05F7EF000BC92D /* LabelTapHandler.swift in Sources */,
			);
			runOnlyForDeploymentPostprocessing = 0;
		};
		D05121F31EF867DA00E7D825 /* Sources */ = {
			isa = PBXSourcesBuildPhase;
			buildActionMask = 2147483647;
			files = (
				D0C9B1761F06077C000BC92D /* Settings.swift in Sources */,
				D05121FD1EF867DB00E7D825 /* DashboardViewController.swift in Sources */,
				D0C9B17A1F060838000BC92D /* UnitHandling.swift in Sources */,
				D05121FB1EF867DB00E7D825 /* LoggyAppDelegate.swift in Sources */,
			);
			runOnlyForDeploymentPostprocessing = 0;
		};
		D083A9B81EFD5CB100B8EA0D /* Sources */ = {
			isa = PBXSourcesBuildPhase;
			buildActionMask = 2147483647;
			files = (
				D0C488DA1EFE962700319808 /* LoggyTodayViewController.swift in Sources */,
			);
			runOnlyForDeploymentPostprocessing = 0;
		};
/* End PBXSourcesBuildPhase section */

/* Begin PBXTargetDependency section */
		D011DECD1EFC052100A80A77 /* PBXTargetDependency */ = {
			isa = PBXTargetDependency;
			target = D011DEC61EFC052100A80A77 /* LoggyTools */;
			targetProxy = D011DECC1EFC052100A80A77 /* PBXContainerItemProxy */;
		};
		D083A9C61EFD5CB100B8EA0D /* PBXTargetDependency */ = {
			isa = PBXTargetDependency;
			target = D083A9BB1EFD5CB100B8EA0D /* LoggyTodayExtension */;
			targetProxy = D083A9C51EFD5CB100B8EA0D /* PBXContainerItemProxy */;
		};
/* End PBXTargetDependency section */

/* Begin PBXVariantGroup section */
		D05121FE1EF867DB00E7D825 /* LoggyMain.storyboard */ = {
			isa = PBXVariantGroup;
			children = (
				D05121FF1EF867DB00E7D825 /* Base */,
			);
			name = LoggyMain.storyboard;
			sourceTree = "<group>";
		};
		D05122031EF867DB00E7D825 /* LaunchScreen.storyboard */ = {
			isa = PBXVariantGroup;
			children = (
				D05122041EF867DB00E7D825 /* Base */,
			);
			name = LaunchScreen.storyboard;
			sourceTree = "<group>";
		};
		D083A9C11EFD5CB100B8EA0D /* LoggyTodayInterface.storyboard */ = {
			isa = PBXVariantGroup;
			children = (
				D083A9C21EFD5CB100B8EA0D /* Base */,
			);
			name = LoggyTodayInterface.storyboard;
			sourceTree = "<group>";
		};
/* End PBXVariantGroup section */

/* Begin XCBuildConfiguration section */
		D011DED11EFC052100A80A77 /* Debug */ = {
			isa = XCBuildConfiguration;
			buildSettings = {
				CODE_SIGN_IDENTITY = "";
				"CODE_SIGN_IDENTITY[sdk=iphoneos*]" = "iPhone Developer";
				CODE_SIGN_STYLE = Automatic;
				CURRENT_PROJECT_VERSION = 1;
				DEFINES_MODULE = YES;
				DEVELOPMENT_TEAM = 3286TR25A4;
				DYLIB_COMPATIBILITY_VERSION = 1;
				DYLIB_CURRENT_VERSION = 1;
				DYLIB_INSTALL_NAME_BASE = "@rpath";
				INFOPLIST_FILE = "$(SRCROOT)/LoggyTools/LoggyTools_Info.plist";
				INSTALL_PATH = "$(LOCAL_LIBRARY_DIR)/Frameworks";
				IPHONEOS_DEPLOYMENT_TARGET = 10.0;
				LD_RUNPATH_SEARCH_PATHS = "$(inherited) @executable_path/Frameworks @loader_path/Frameworks";
				PRODUCT_BUNDLE_IDENTIFIER = se.nena.LoggyTools;
				PRODUCT_NAME = "$(TARGET_NAME:c99extidentifier)";
				PROVISIONING_PROFILE_SPECIFIER = "";
				SKIP_INSTALL = YES;
				TARGETED_DEVICE_FAMILY = "1,2";
				VERSIONING_SYSTEM = "apple-generic";
				VERSION_INFO_PREFIX = "";
			};
			name = Debug;
		};
		D011DED21EFC052100A80A77 /* Release */ = {
			isa = XCBuildConfiguration;
			buildSettings = {
				CODE_SIGN_IDENTITY = "";
				"CODE_SIGN_IDENTITY[sdk=iphoneos*]" = "iPhone Developer";
				CODE_SIGN_STYLE = Automatic;
				CURRENT_PROJECT_VERSION = 1;
				DEFINES_MODULE = YES;
				DEVELOPMENT_TEAM = 3286TR25A4;
				DYLIB_COMPATIBILITY_VERSION = 1;
				DYLIB_CURRENT_VERSION = 1;
				DYLIB_INSTALL_NAME_BASE = "@rpath";
				INFOPLIST_FILE = "$(SRCROOT)/LoggyTools/LoggyTools_Info.plist";
				INSTALL_PATH = "$(LOCAL_LIBRARY_DIR)/Frameworks";
				IPHONEOS_DEPLOYMENT_TARGET = 10.0;
				LD_RUNPATH_SEARCH_PATHS = "$(inherited) @executable_path/Frameworks @loader_path/Frameworks";
				PRODUCT_BUNDLE_IDENTIFIER = se.nena.LoggyTools;
				PRODUCT_NAME = "$(TARGET_NAME:c99extidentifier)";
				PROVISIONING_PROFILE_SPECIFIER = "";
				SKIP_INSTALL = YES;
				TARGETED_DEVICE_FAMILY = "1,2";
				VERSIONING_SYSTEM = "apple-generic";
				VERSION_INFO_PREFIX = "";
			};
			name = Release;
		};
		D05122071EF867DB00E7D825 /* Debug */ = {
			isa = XCBuildConfiguration;
			buildSettings = {
				ALWAYS_SEARCH_USER_PATHS = NO;
				CLANG_ANALYZER_NONNULL = YES;
				CLANG_ANALYZER_NUMBER_OBJECT_CONVERSION = YES_AGGRESSIVE;
				CLANG_CXX_LANGUAGE_STANDARD = "gnu++14";
				CLANG_CXX_LIBRARY = "libc++";
				CLANG_ENABLE_MODULES = YES;
				CLANG_ENABLE_OBJC_ARC = YES;
				CLANG_WARN_BLOCK_CAPTURE_AUTORELEASING = YES;
				CLANG_WARN_BOOL_CONVERSION = YES;
				CLANG_WARN_COMMA = YES;
				CLANG_WARN_CONSTANT_CONVERSION = YES;
				CLANG_WARN_DIRECT_OBJC_ISA_USAGE = YES_ERROR;
				CLANG_WARN_DOCUMENTATION_COMMENTS = YES;
				CLANG_WARN_EMPTY_BODY = YES;
				CLANG_WARN_ENUM_CONVERSION = YES;
				CLANG_WARN_INFINITE_RECURSION = YES;
				CLANG_WARN_INT_CONVERSION = YES;
				CLANG_WARN_OBJC_ROOT_CLASS = YES_ERROR;
				CLANG_WARN_RANGE_LOOP_ANALYSIS = YES;
				CLANG_WARN_STRICT_PROTOTYPES = YES;
				CLANG_WARN_SUSPICIOUS_MOVE = YES;
				CLANG_WARN_UNGUARDED_AVAILABILITY = YES_AGGRESSIVE;
				CLANG_WARN_UNREACHABLE_CODE = YES;
				CLANG_WARN__DUPLICATE_METHOD_MATCH = YES;
				CODE_SIGN_IDENTITY = "iPhone Developer";
				COPY_PHASE_STRIP = NO;
				DEBUG_INFORMATION_FORMAT = dwarf;
				ENABLE_STRICT_OBJC_MSGSEND = YES;
				ENABLE_TESTABILITY = YES;
				GCC_C_LANGUAGE_STANDARD = gnu11;
				GCC_DYNAMIC_NO_PIC = NO;
				GCC_NO_COMMON_BLOCKS = YES;
				GCC_OPTIMIZATION_LEVEL = 0;
				GCC_PREPROCESSOR_DEFINITIONS = (
					"DEBUG=1",
					"$(inherited)",
				);
				GCC_WARN_64_TO_32_BIT_CONVERSION = YES;
				GCC_WARN_ABOUT_RETURN_TYPE = YES_ERROR;
				GCC_WARN_UNDECLARED_SELECTOR = YES;
				GCC_WARN_UNINITIALIZED_AUTOS = YES_AGGRESSIVE;
				GCC_WARN_UNUSED_FUNCTION = YES;
				GCC_WARN_UNUSED_VARIABLE = YES;
				IPHONEOS_DEPLOYMENT_TARGET = 10.0;
				MTL_ENABLE_DEBUG_INFO = YES;
				ONLY_ACTIVE_ARCH = YES;
				SDKROOT = iphoneos;
				SWIFT_ACTIVE_COMPILATION_CONDITIONS = DEBUG;
				SWIFT_OPTIMIZATION_LEVEL = "-Onone";
				SWIFT_VERSION = 3.0;
			};
			name = Debug;
		};
		D05122081EF867DB00E7D825 /* Release */ = {
			isa = XCBuildConfiguration;
			buildSettings = {
				ALWAYS_SEARCH_USER_PATHS = NO;
				CLANG_ANALYZER_NONNULL = YES;
				CLANG_ANALYZER_NUMBER_OBJECT_CONVERSION = YES_AGGRESSIVE;
				CLANG_CXX_LANGUAGE_STANDARD = "gnu++14";
				CLANG_CXX_LIBRARY = "libc++";
				CLANG_ENABLE_MODULES = YES;
				CLANG_ENABLE_OBJC_ARC = YES;
				CLANG_WARN_BLOCK_CAPTURE_AUTORELEASING = YES;
				CLANG_WARN_BOOL_CONVERSION = YES;
				CLANG_WARN_COMMA = YES;
				CLANG_WARN_CONSTANT_CONVERSION = YES;
				CLANG_WARN_DIRECT_OBJC_ISA_USAGE = YES_ERROR;
				CLANG_WARN_DOCUMENTATION_COMMENTS = YES;
				CLANG_WARN_EMPTY_BODY = YES;
				CLANG_WARN_ENUM_CONVERSION = YES;
				CLANG_WARN_INFINITE_RECURSION = YES;
				CLANG_WARN_INT_CONVERSION = YES;
				CLANG_WARN_OBJC_ROOT_CLASS = YES_ERROR;
				CLANG_WARN_RANGE_LOOP_ANALYSIS = YES;
				CLANG_WARN_STRICT_PROTOTYPES = YES;
				CLANG_WARN_SUSPICIOUS_MOVE = YES;
				CLANG_WARN_UNGUARDED_AVAILABILITY = YES_AGGRESSIVE;
				CLANG_WARN_UNREACHABLE_CODE = YES;
				CLANG_WARN__DUPLICATE_METHOD_MATCH = YES;
				CODE_SIGN_IDENTITY = "iPhone Developer";
				COPY_PHASE_STRIP = NO;
				DEBUG_INFORMATION_FORMAT = "dwarf-with-dsym";
				ENABLE_NS_ASSERTIONS = NO;
				ENABLE_STRICT_OBJC_MSGSEND = YES;
				GCC_C_LANGUAGE_STANDARD = gnu11;
				GCC_NO_COMMON_BLOCKS = YES;
				GCC_WARN_64_TO_32_BIT_CONVERSION = YES;
				GCC_WARN_ABOUT_RETURN_TYPE = YES_ERROR;
				GCC_WARN_UNDECLARED_SELECTOR = YES;
				GCC_WARN_UNINITIALIZED_AUTOS = YES_AGGRESSIVE;
				GCC_WARN_UNUSED_FUNCTION = YES;
				GCC_WARN_UNUSED_VARIABLE = YES;
				IPHONEOS_DEPLOYMENT_TARGET = 10.0;
				MTL_ENABLE_DEBUG_INFO = NO;
				SDKROOT = iphoneos;
				SWIFT_OPTIMIZATION_LEVEL = "-Owholemodule";
				SWIFT_VERSION = 3.0;
				VALIDATE_PRODUCT = YES;
			};
			name = Release;
		};
		D051220A1EF867DB00E7D825 /* Debug */ = {
			isa = XCBuildConfiguration;
			buildSettings = {
				ALWAYS_EMBED_SWIFT_STANDARD_LIBRARIES = YES;
				ASSETCATALOG_COMPILER_APPICON_NAME = AppIcon;
				CODE_SIGN_ENTITLEMENTS = Loggy/Loggy.entitlements;
				DEVELOPMENT_TEAM = 3286TR25A4;
				INFOPLIST_FILE = "$(SRCROOT)/Loggy/Loggy_iOS_Info.plist";
				LD_RUNPATH_SEARCH_PATHS = "$(inherited) @executable_path/Frameworks";
				PRODUCT_BUNDLE_IDENTIFIER = se.nena.Loggy;
				PRODUCT_NAME = "$(TARGET_NAME)";
				TARGETED_DEVICE_FAMILY = "1,2";
			};
			name = Debug;
		};
		D051220B1EF867DB00E7D825 /* Release */ = {
			isa = XCBuildConfiguration;
			buildSettings = {
				ALWAYS_EMBED_SWIFT_STANDARD_LIBRARIES = YES;
				ASSETCATALOG_COMPILER_APPICON_NAME = AppIcon;
				CODE_SIGN_ENTITLEMENTS = Loggy/Loggy.entitlements;
				DEVELOPMENT_TEAM = 3286TR25A4;
				INFOPLIST_FILE = "$(SRCROOT)/Loggy/Loggy_iOS_Info.plist";
				LD_RUNPATH_SEARCH_PATHS = "$(inherited) @executable_path/Frameworks";
				PRODUCT_BUNDLE_IDENTIFIER = se.nena.Loggy;
				PRODUCT_NAME = "$(TARGET_NAME)";
				TARGETED_DEVICE_FAMILY = "1,2";
			};
			name = Release;
		};
		D083A9C91EFD5CB100B8EA0D /* Debug */ = {
			isa = XCBuildConfiguration;
			buildSettings = {
				CLANG_CXX_LANGUAGE_STANDARD = "gnu++0x";
				CODE_SIGN_ENTITLEMENTS = LoggyTodayExtension/LoggyTodayExtension.entitlements;
				"CODE_SIGN_IDENTITY[sdk=iphoneos*]" = "iPhone Developer";
				DEVELOPMENT_TEAM = 3286TR25A4;
				GCC_C_LANGUAGE_STANDARD = gnu99;
				INFOPLIST_FILE = "$(SRCROOT)/LoggyTodayExtension/LoggyToday_Info.plist";
				IPHONEOS_DEPLOYMENT_TARGET = 10.3;
				LD_RUNPATH_SEARCH_PATHS = "$(inherited) @executable_path/Frameworks @executable_path/../../Frameworks";
				PRODUCT_BUNDLE_IDENTIFIER = se.nena.Loggy.LoggyTodayExtension;
				PRODUCT_NAME = "$(TARGET_NAME)";
				SKIP_INSTALL = YES;
				SWIFT_VERSION = 3.0;
			};
			name = Debug;
		};
		D083A9CA1EFD5CB100B8EA0D /* Release */ = {
			isa = XCBuildConfiguration;
			buildSettings = {
				CLANG_CXX_LANGUAGE_STANDARD = "gnu++0x";
				CODE_SIGN_ENTITLEMENTS = LoggyTodayExtension/LoggyTodayExtension.entitlements;
				"CODE_SIGN_IDENTITY[sdk=iphoneos*]" = "iPhone Developer";
				DEVELOPMENT_TEAM = 3286TR25A4;
				GCC_C_LANGUAGE_STANDARD = gnu99;
				INFOPLIST_FILE = "$(SRCROOT)/LoggyTodayExtension/LoggyToday_Info.plist";
				IPHONEOS_DEPLOYMENT_TARGET = 10.3;
				LD_RUNPATH_SEARCH_PATHS = "$(inherited) @executable_path/Frameworks @executable_path/../../Frameworks";
				PRODUCT_BUNDLE_IDENTIFIER = se.nena.Loggy.LoggyTodayExtension;
				PRODUCT_NAME = "$(TARGET_NAME)";
				SKIP_INSTALL = YES;
				SWIFT_VERSION = 3.0;
			};
			name = Release;
		};
/* End XCBuildConfiguration section */

/* Begin XCConfigurationList section */
		D011DED01EFC052100A80A77 /* Build configuration list for PBXNativeTarget "LoggyTools" */ = {
			isa = XCConfigurationList;
			buildConfigurations = (
				D011DED11EFC052100A80A77 /* Debug */,
				D011DED21EFC052100A80A77 /* Release */,
			);
			defaultConfigurationIsVisible = 0;
			defaultConfigurationName = Release;
		};
		D05121F21EF867DA00E7D825 /* Build configuration list for PBXProject "Loggy" */ = {
			isa = XCConfigurationList;
			buildConfigurations = (
				D05122071EF867DB00E7D825 /* Debug */,
				D05122081EF867DB00E7D825 /* Release */,
			);
			defaultConfigurationIsVisible = 0;
			defaultConfigurationName = Release;
		};
		D05122091EF867DB00E7D825 /* Build configuration list for PBXNativeTarget "Loggy" */ = {
			isa = XCConfigurationList;
			buildConfigurations = (
				D051220A1EF867DB00E7D825 /* Debug */,
				D051220B1EF867DB00E7D825 /* Release */,
			);
			defaultConfigurationIsVisible = 0;
			defaultConfigurationName = Release;
		};
		D083A9C81EFD5CB100B8EA0D /* Build configuration list for PBXNativeTarget "LoggyTodayExtension" */ = {
			isa = XCConfigurationList;
			buildConfigurations = (
				D083A9C91EFD5CB100B8EA0D /* Debug */,
				D083A9CA1EFD5CB100B8EA0D /* Release */,
			);
			defaultConfigurationIsVisible = 0;
			defaultConfigurationName = Release;
		};
/* End XCConfigurationList section */
	};
	rootObject = D05121EF1EF867DA00E7D825 /* Project object */;
}
